// !$*UTF8*$!
{
	archiveVersion = 1;
	classes = {
	};
	objectVersion = 46;
	objects = {

/* Begin PBXBuildFile section */
		063257171447EEB5005E40D6 /* UIKit.framework in Frameworks */ = {isa = PBXBuildFile; fileRef = 063257161447EEB5005E40D6 /* UIKit.framework */; };
		063257191447EEB5005E40D6 /* Foundation.framework in Frameworks */ = {isa = PBXBuildFile; fileRef = 063257181447EEB5005E40D6 /* Foundation.framework */; };
		0632571B1447EEB5005E40D6 /* CoreGraphics.framework in Frameworks */ = {isa = PBXBuildFile; fileRef = 0632571A1447EEB5005E40D6 /* CoreGraphics.framework */; };
		063257211447EEB5005E40D6 /* InfoPlist.strings in Resources */ = {isa = PBXBuildFile; fileRef = 0632571F1447EEB5005E40D6 /* InfoPlist.strings */; };
		063257231447EEB5005E40D6 /* main.m in Sources */ = {isa = PBXBuildFile; fileRef = 063257221447EEB5005E40D6 /* main.m */; };
		063257271447EEB5005E40D6 /* AnimationModuleAppDelegate.m in Sources */ = {isa = PBXBuildFile; fileRef = 063257261447EEB5005E40D6 /* AnimationModuleAppDelegate.m */; };
		0632572A1447EEB5005E40D6 /* MainWindow.xib in Resources */ = {isa = PBXBuildFile; fileRef = 063257281447EEB5005E40D6 /* MainWindow.xib */; };
/* End PBXBuildFile section */

/* Begin PBXFileReference section */
		063257121447EEB5005E40D6 /* AnimationModule.app */ = {isa = PBXFileReference; explicitFileType = wrapper.application; includeInIndex = 0; path = AnimationModule.app; sourceTree = BUILT_PRODUCTS_DIR; };
		063257161447EEB5005E40D6 /* UIKit.framework */ = {isa = PBXFileReference; lastKnownFileType = wrapper.framework; name = UIKit.framework; path = System/Library/Frameworks/UIKit.framework; sourceTree = SDKROOT; };
		063257181447EEB5005E40D6 /* Foundation.framework */ = {isa = PBXFileReference; lastKnownFileType = wrapper.framework; name = Foundation.framework; path = System/Library/Frameworks/Foundation.framework; sourceTree = SDKROOT; };
		0632571A1447EEB5005E40D6 /* CoreGraphics.framework */ = {isa = PBXFileReference; lastKnownFileType = wrapper.framework; name = CoreGraphics.framework; path = System/Library/Frameworks/CoreGraphics.framework; sourceTree = SDKROOT; };
		0632571E1447EEB5005E40D6 /* AnimationModule-Info.plist */ = {isa = PBXFileReference; path = "AnimationModule-Info.plist"; sourceTree = "<group>"; };
		063257201447EEB5005E40D6 /* en */ = {isa = PBXFileReference; lastKnownFileType = text.plist.strings; name = en; path = en.lproj/InfoPlist.strings; sourceTree = "<group>"; };
		063257221447EEB5005E40D6 /* main.m */ = {isa = PBXFileReference; lastKnownFileType = sourcecode.c.objc; path = main.m; sourceTree = "<group>"; };
		063257241447EEB5005E40D6 /* AnimationModule-Prefix.pch */ = {isa = PBXFileReference; path = "AnimationModule-Prefix.pch"; sourceTree = "<group>"; };
		063257251447EEB5005E40D6 /* AnimationModuleAppDelegate.h */ = {isa = PBXFileReference; path = AnimationModuleAppDelegate.h; sourceTree = "<group>"; };
		063257261447EEB5005E40D6 /* AnimationModuleAppDelegate.m */ = {isa = PBXFileReference; lastKnownFileType = sourcecode.c.objc; path = AnimationModuleAppDelegate.m; sourceTree = "<group>"; };
		063257291447EEB5005E40D6 /* en */ = {isa = PBXFileReference; lastKnownFileType = file.xib; name = en; path = en.lproj/MainWindow.xib; sourceTree = "<group>"; };
/* End PBXFileReference section */

/* Begin PBXFrameworksBuildPhase section */
		0632570F1447EEB5005E40D6 /* Frameworks */ = {
			isa = PBXFrameworksBuildPhase;
			buildActionMask = 2147483647;
			files = (
				063257171447EEB5005E40D6 /* UIKit.framework in Frameworks */,
				063257191447EEB5005E40D6 /* Foundation.framework in Frameworks */,
				0632571B1447EEB5005E40D6 /* CoreGraphics.framework in Frameworks */,
			);
			runOnlyForDeploymentPostprocessing = 0;
		};
/* End PBXFrameworksBuildPhase section */

/* Begin PBXGroup section */
		063257071447EEB5005E40D6 = {
			isa = PBXGroup;
			children = (
				0632571C1447EEB5005E40D6 /* AnimationModule */,
				063257151447EEB5005E40D6 /* Frameworks */,
				063257131447EEB5005E40D6 /* Products */,
			);
			sourceTree = "<group>";
		};
		063257131447EEB5005E40D6 /* Products */ = {
			isa = PBXGroup;
			children = (
				063257121447EEB5005E40D6 /* AnimationModule.app */,
			);
			name = Products;
			sourceTree = "<group>";
		};
		063257151447EEB5005E40D6 /* Frameworks */ = {
			isa = PBXGroup;
			children = (
				063257161447EEB5005E40D6 /* UIKit.framework */,
				063257181447EEB5005E40D6 /* Foundation.framework */,
				0632571A1447EEB5005E40D6 /* CoreGraphics.framework */,
			);
			name = Frameworks;
			sourceTree = "<group>";
		};
		0632571C1447EEB5005E40D6 /* AnimationModule */ = {
			isa = PBXGroup;
			children = (
				063257251447EEB5005E40D6 /* AnimationModuleAppDelegate.h */,
				063257261447EEB5005E40D6 /* AnimationModuleAppDelegate.m */,
				063257281447EEB5005E40D6 /* MainWindow.xib */,
				0632571D1447EEB5005E40D6 /* Supporting Files */,
			);
			path = AnimationModule;
			sourceTree = "<group>";
		};
		0632571D1447EEB5005E40D6 /* Supporting Files */ = {
			isa = PBXGroup;
			children = (
				0632571E1447EEB5005E40D6 /* AnimationModule-Info.plist */,
				0632571F1447EEB5005E40D6 /* InfoPlist.strings */,
				063257221447EEB5005E40D6 /* main.m */,
				063257241447EEB5005E40D6 /* AnimationModule-Prefix.pch */,
			);
			name = "Supporting Files";
			sourceTree = "<group>";
		};
/* End PBXGroup section */

/* Begin PBXNativeTarget section */
		063257111447EEB5005E40D6 /* AnimationModule */ = {
			isa = PBXNativeTarget;
			buildConfigurationList = 0632572D1447EEB5005E40D6 /* Build configuration list for PBXNativeTarget "AnimationModule" */;
			buildPhases = (
				0632570E1447EEB5005E40D6 /* Sources */,
				0632570F1447EEB5005E40D6 /* Frameworks */,
				063257101447EEB5005E40D6 /* Resources */,
			);
			buildRules = (
			);
			dependencies = (
			);
			name = AnimationModule;
			productName = AnimationModule;
			productReference = 063257121447EEB5005E40D6 /* AnimationModule.app */;
			productType = "com.apple.product-type.application";
		};
/* End PBXNativeTarget section */

/* Begin PBXProject section */
		063257091447EEB5005E40D6 /* Project object */ = {
			isa = PBXProject;
			buildConfigurationList = 0632570C1447EEB5005E40D6 /* Build configuration list for PBXProject "AnimationModule" */;
			compatibilityVersion = "Xcode 3.2";
			developmentRegion = English;
			hasScannedForEncodings = 0;
			knownRegions = (
				en,
			);
			mainGroup = 063257071447EEB5005E40D6;
			productRefGroup = 063257131447EEB5005E40D6 /* Products */;
			projectDirPath = "";
			projectRoot = "";
			targets = (
				063257111447EEB5005E40D6 /* AnimationModule */,
			);
		};
/* End PBXProject section */

/* Begin PBXResourcesBuildPhase section */
		063257101447EEB5005E40D6 /* Resources */ = {
			isa = PBXResourcesBuildPhase;
			buildActionMask = 2147483647;
			files = (
				063257211447EEB5005E40D6 /* InfoPlist.strings in Resources */,
				0632572A1447EEB5005E40D6 /* MainWindow.xib in Resources */,
			);
			runOnlyForDeploymentPostprocessing = 0;
		};
/* End PBXResourcesBuildPhase section */

/* Begin PBXSourcesBuildPhase section */
		0632570E1447EEB5005E40D6 /* Sources */ = {
			isa = PBXSourcesBuildPhase;
			buildActionMask = 2147483647;
			files = (
				063257231447EEB5005E40D6 /* main.m in Sources */,
				063257271447EEB5005E40D6 /* AnimationModuleAppDelegate.m in Sources */,
			);
			runOnlyForDeploymentPostprocessing = 0;
		};
/* End PBXSourcesBuildPhase section */

/* Begin PBXVariantGroup section */
		0632571F1447EEB5005E40D6 /* InfoPlist.strings */ = {
			isa = PBXVariantGroup;
			children = (
				063257201447EEB5005E40D6 /* en */,
			);
			name = InfoPlist.strings;
			sourceTree = "<group>";
		};
		063257281447EEB5005E40D6 /* MainWindow.xib */ = {
			isa = PBXVariantGroup;
			children = (
				063257291447EEB5005E40D6 /* en */,
			);
			name = MainWindow.xib;
			sourceTree = "<group>";
		};
/* End PBXVariantGroup section */

/* Begin XCBuildConfiguration section */
		0632572B1447EEB5005E40D6 /* Debug */ = {
			isa = XCBuildConfiguration;
			buildSettings = {
				ALWAYS_SEARCH_USER_PATHS = NO;
				ARCHS = "$(ARCHS_STANDARD_32_BIT)";
				"CODE_SIGN_IDENTITY[sdk=iphoneos*]" = "iPhone Developer";
				COPY_PHASE_STRIP = NO;
				GCC_C_LANGUAGE_STANDARD = gnu99;
				GCC_DYNAMIC_NO_PIC = NO;
				GCC_OPTIMIZATION_LEVEL = 0;
				GCC_PREPROCESSOR_DEFINITIONS = (
					"DEBUG=1",
					"$(inherited)",
				);
				GCC_SYMBOLS_PRIVATE_EXTERN = NO;
				GCC_VERSION = com.apple.compilers.llvmgcc42;
				GCC_WARN_ABOUT_MISSING_PROTOTYPES = YES;
				GCC_WARN_ABOUT_RETURN_TYPE = YES;
				GCC_WARN_UNUSED_VARIABLE = YES;
				IPHONEOS_DEPLOYMENT_TARGET = 4.3;
				SDKROOT = iphoneos;
			};
			name = Debug;
		};
		0632572C1447EEB5005E40D6 /* Release */ = {
			isa = XCBuildConfiguration;
			buildSettings = {
				ALWAYS_SEARCH_USER_PATHS = NO;
				ARCHS = "$(ARCHS_STANDARD_32_BIT)";
				"CODE_SIGN_IDENTITY[sdk=iphoneos*]" = "iPhone Developer";
				COPY_PHASE_STRIP = YES;
				GCC_C_LANGUAGE_STANDARD = gnu99;
				GCC_VERSION = com.apple.compilers.llvmgcc42;
				GCC_WARN_ABOUT_MISSING_PROTOTYPES = YES;
				GCC_WARN_ABOUT_RETURN_TYPE = YES;
				GCC_WARN_UNUSED_VARIABLE = YES;
				IPHONEOS_DEPLOYMENT_TARGET = 4.3;
				OTHER_CFLAGS = "-DNS_BLOCK_ASSERTIONS=1";
				SDKROOT = iphoneos;
				VALIDATE_PRODUCT = YES;
			};
			name = Release;
		};
		0632572E1447EEB5005E40D6 /* Debug */ = {
			isa = XCBuildConfiguration;
			buildSettings = {
				GCC_PRECOMPILE_PREFIX_HEADER = YES;
				GCC_PREFIX_HEADER = "AnimationModule/AnimationModule-Prefix.pch";
				INFOPLIST_FILE = "AnimationModule/AnimationModule-Info.plist";
				PRODUCT_NAME = "$(TARGET_NAME)";
				WRAPPER_EXTENSION = app;
			};
			name = Debug;
		};
		0632572F1447EEB5005E40D6 /* Release */ = {
			isa = XCBuildConfiguration;
			buildSettings = {
				GCC_PRECOMPILE_PREFIX_HEADER = YES;
				GCC_PREFIX_HEADER = "AnimationModule/AnimationModule-Prefix.pch";
				INFOPLIST_FILE = "AnimationModule/AnimationModule-Info.plist";
				PRODUCT_NAME = "$(TARGET_NAME)";
				WRAPPER_EXTENSION = app;
			};
			name = Release;
		};
/* End XCBuildConfiguration section */

/* Begin XCConfigurationList section */
		0632570C1447EEB5005E40D6 /* Build configuration list for PBXProject "AnimationModule" */ = {
			isa = XCConfigurationList;
			buildConfigurations = (
				0632572B1447EEB5005E40D6 /* Debug */,
				0632572C1447EEB5005E40D6 /* Release */,
			);
			defaultConfigurationIsVisible = 0;
			defaultConfigurationName = Release;
		};
		0632572D1447EEB5005E40D6 /* Build configuration list for PBXNativeTarget "AnimationModule" */ = {
			isa = XCConfigurationList;
			buildConfigurations = (
				0632572E1447EEB5005E40D6 /* Debug */,
				0632572F1447EEB5005E40D6 /* Release */,
			);
			defaultConfigurationIsVisible = 0;
		};
/* End XCConfigurationList section */
	};
	rootObject = 063257091447EEB5005E40D6 /* Project object */;
}
